<?xml version="1.0" encoding="utf-8"?>
<Project ToolsVersion="4.0" xmlns="http://schemas.microsoft.com/developer/msbuild/2003">
  <ItemGroup>
    <Filter Include="source">
      <UniqueIdentifier>{4FC737F1-C7A5-4376-A066-2A32D752A2FF}</UniqueIdentifier>
      <Extensions>cpp;c;cc;cxx;c++;cppm;ixx;def;odl;idl;hpj;bat;asm;asmx</Extensions>
    </Filter>
    <Filter Include="hook">
      <UniqueIdentifier>{fdf2f535-c76d-433d-acfa-e7315a41cf1d}</UniqueIdentifier>
    </Filter>
    <Filter Include="app">
      <UniqueIdentifier>{9aff425c-cae7-4e0d-913c-acee97c60160}</UniqueIdentifier>
    </Filter>
  </ItemGroup>
  <ItemGroup>
    <ClCompile Include="source.cpp">
      <Filter>source</Filter>
    </ClCompile>
    <ClCompile Include="v_hook.hpp">
      <Filter>hook</Filter>
    </ClCompile>
    <ClCompile Include="v_hook.cpp">
      <Filter>hook</Filter>
    </ClCompile>
    <ClCompile Include="imgui\imgui.cpp">
      <Filter>app</Filter>
    </ClCompile>
    <ClCompile Include="imgui\imgui_draw.cpp">
      <Filter>app</Filter>
    </ClCompile>
    <ClCompile Include="imgui\imgui_impl_dx9.cpp">
      <Filter>app</Filter>
    </ClCompile>
  </ItemGroup>
  <ItemGroup>
    <ClInclude Include="logtut.hpp">
      <Filter>hook</Filter>
    </ClInclude>
    <ClInclude Include="v_library.hpp">
      <Filter>hook</Filter>
    </ClInclude>
    <ClInclude Include="source.hpp">
      <Filter>source</Filter>
    </ClInclude>
    <ClInclude Include="imgui\imconfig.h">
      <Filter>app</Filter>
    </ClInclude>
    <ClInclude Include="imgui\imgui.h">
      <Filter>app</Filter>
    </ClInclude>
    <ClInclude Include="imgui\imgui_impl_dx9.h">
      <Filter>app</Filter>
    </ClInclude>
    <ClInclude Include="imgui\imgui_internal.h">
      <Filter>app</Filter>
    </ClInclude>
    <ClInclude Include="imgui\stb_rect_pack.h">
      <Filter>app</Filter>
    </ClInclude>
    <ClInclude Include="imgui\stb_textedit.h">
      <Filter>app</Filter>
    </ClInclude>
    <ClInclude Include="imgui\stb_truetype.h">
      <Filter>app</Filter>
    </ClInclude>
    <ClInclude Include="lov3win.h">
      <Filter>source</Filter>
    </ClInclude>
  </ItemGroup>
</Project>